// !$*UTF8*$!
{
	archiveVersion = 1;
	classes = {
	};
	objectVersion = 56;
	objects = {

/* Begin PBXBuildFile section */
		3D41CA8C28F511E500B4830B /* AppDelegate.swift in Sources */ = {isa = PBXBuildFile; fileRef = 3D41CA8B28F511E500B4830B /* AppDelegate.swift */; };
		3D41CA8E28F511E500B4830B /* SceneDelegate.swift in Sources */ = {isa = PBXBuildFile; fileRef = 3D41CA8D28F511E500B4830B /* SceneDelegate.swift */; };
		3D41CA9028F511E500B4830B /* ViewController.swift in Sources */ = {isa = PBXBuildFile; fileRef = 3D41CA8F28F511E500B4830B /* ViewController.swift */; };
		3D41CA9328F511E500B4830B /* Main.storyboard in Resources */ = {isa = PBXBuildFile; fileRef = 3D41CA9128F511E500B4830B /* Main.storyboard */; };
		3D41CA9528F511E600B4830B /* Assets.xcassets in Resources */ = {isa = PBXBuildFile; fileRef = 3D41CA9428F511E600B4830B /* Assets.xcassets */; };
		3D41CA9828F511E600B4830B /* LaunchScreen.storyboard in Resources */ = {isa = PBXBuildFile; fileRef = 3D41CA9628F511E600B4830B /* LaunchScreen.storyboard */; };
		3D41CAA028F511F800B4830B /* KYBarChartView.swift in Sources */ = {isa = PBXBuildFile; fileRef = 3D41CA9F28F511F800B4830B /* KYBarChartView.swift */; };
		3D41CAA328F512A000B4830B /* KYBarChartDataSet.swift in Sources */ = {isa = PBXBuildFile; fileRef = 3D41CAA228F512A000B4830B /* KYBarChartDataSet.swift */; };
		3D41CAA528F5131C00B4830B /* KYBarChartConfig.swift in Sources */ = {isa = PBXBuildFile; fileRef = 3D41CAA428F5131C00B4830B /* KYBarChartConfig.swift */; };
		3D41CAA828F515C700B4830B /* KYBarChartHighLight.swift in Sources */ = {isa = PBXBuildFile; fileRef = 3D41CAA728F515C700B4830B /* KYBarChartHighLight.swift */; };
		3D41CAAB28F5163F00B4830B /* Extension.swift in Sources */ = {isa = PBXBuildFile; fileRef = 3D41CAAA28F5163F00B4830B /* Extension.swift */; };
		3D41CAAD28F5177E00B4830B /* KYBarChartRender.swift in Sources */ = {isa = PBXBuildFile; fileRef = 3D41CAAC28F5177E00B4830B /* KYBarChartRender.swift */; };
		3D41CAB328F64F5500B4830B /* KYLineChartView.swift in Sources */ = {isa = PBXBuildFile; fileRef = 3D41CAB228F64F5500B4830B /* KYLineChartView.swift */; };
		3D41CAB528F65B2C00B4830B /* KYLineChartViewRender.swift in Sources */ = {isa = PBXBuildFile; fileRef = 3D41CAB428F65B2C00B4830B /* KYLineChartViewRender.swift */; };
		3D65C90D290A7EE400963439 /* KYKLineChartDataSet.swift in Sources */ = {isa = PBXBuildFile; fileRef = 3D65C90C290A7EE400963439 /* KYKLineChartDataSet.swift */; };
		3D65C910290B6C7000963439 /* KYKLineChartConfig.swift in Sources */ = {isa = PBXBuildFile; fileRef = 3D65C90F290B6C7000963439 /* KYKLineChartConfig.swift */; };
		3D65C912290B6D7A00963439 /* KYKChartView.swift in Sources */ = {isa = PBXBuildFile; fileRef = 3D65C911290B6D7A00963439 /* KYKChartView.swift */; };
		3D65C914290B6DA700963439 /* KYKChartViewRender.swift in Sources */ = {isa = PBXBuildFile; fileRef = 3D65C913290B6DA700963439 /* KYKChartViewRender.swift */; };
		3D65C917290B7D0000963439 /* PixelAlign.swift in Sources */ = {isa = PBXBuildFile; fileRef = 3D65C916290B7D0000963439 /* PixelAlign.swift */; };
		3D8B1B2A28F6908000207A48 /* KYLineChartDataSet.swift in Sources */ = {isa = PBXBuildFile; fileRef = 3D8B1B2928F6908000207A48 /* KYLineChartDataSet.swift */; };
		3D8B1B2C28F693D600207A48 /* KYLineChartConfig.swift in Sources */ = {isa = PBXBuildFile; fileRef = 3D8B1B2B28F693D600207A48 /* KYLineChartConfig.swift */; };
		3D8B1B2F28F6971A00207A48 /* KYChartBaseView.swift in Sources */ = {isa = PBXBuildFile; fileRef = 3D8B1B2E28F6971A00207A48 /* KYChartBaseView.swift */; };
/* End PBXBuildFile section */

/* Begin PBXFileReference section */
		3D41CA8828F511E500B4830B /* KYChartView.app */ = {isa = PBXFileReference; explicitFileType = wrapper.application; includeInIndex = 0; path = KYChartView.app; sourceTree = BUILT_PRODUCTS_DIR; };
		3D41CA8B28F511E500B4830B /* AppDelegate.swift */ = {isa = PBXFileReference; lastKnownFileType = sourcecode.swift; path = AppDelegate.swift; sourceTree = "<group>"; };
		3D41CA8D28F511E500B4830B /* SceneDelegate.swift */ = {isa = PBXFileReference; lastKnownFileType = sourcecode.swift; path = SceneDelegate.swift; sourceTree = "<group>"; };
		3D41CA8F28F511E500B4830B /* ViewController.swift */ = {isa = PBXFileReference; lastKnownFileType = sourcecode.swift; path = ViewController.swift; sourceTree = "<group>"; };
		3D41CA9228F511E500B4830B /* Base */ = {isa = PBXFileReference; lastKnownFileType = file.storyboard; name = Base; path = Base.lproj/Main.storyboard; sourceTree = "<group>"; };
		3D41CA9428F511E600B4830B /* Assets.xcassets */ = {isa = PBXFileReference; lastKnownFileType = folder.assetcatalog; path = Assets.xcassets; sourceTree = "<group>"; };
		3D41CA9728F511E600B4830B /* Base */ = {isa = PBXFileReference; lastKnownFileType = file.storyboard; name = Base; path = Base.lproj/LaunchScreen.storyboard; sourceTree = "<group>"; };
		3D41CA9928F511E600B4830B /* Info.plist */ = {isa = PBXFileReference; lastKnownFileType = text.plist.xml; path = Info.plist; sourceTree = "<group>"; };
		3D41CA9F28F511F800B4830B /* KYBarChartView.swift */ = {isa = PBXFileReference; lastKnownFileType = sourcecode.swift; path = KYBarChartView.swift; sourceTree = "<group>"; };
		3D41CAA228F512A000B4830B /* KYBarChartDataSet.swift */ = {isa = PBXFileReference; lastKnownFileType = sourcecode.swift; path = KYBarChartDataSet.swift; sourceTree = "<group>"; };
		3D41CAA428F5131C00B4830B /* KYBarChartConfig.swift */ = {isa = PBXFileReference; lastKnownFileType = sourcecode.swift; path = KYBarChartConfig.swift; sourceTree = "<group>"; };
		3D41CAA728F515C700B4830B /* KYBarChartHighLight.swift */ = {isa = PBXFileReference; lastKnownFileType = sourcecode.swift; path = KYBarChartHighLight.swift; sourceTree = "<group>"; };
		3D41CAAA28F5163F00B4830B /* Extension.swift */ = {isa = PBXFileReference; lastKnownFileType = sourcecode.swift; path = Extension.swift; sourceTree = "<group>"; };
		3D41CAAC28F5177E00B4830B /* KYBarChartRender.swift */ = {isa = PBXFileReference; lastKnownFileType = sourcecode.swift; path = KYBarChartRender.swift; sourceTree = "<group>"; };
		3D41CAB228F64F5500B4830B /* KYLineChartView.swift */ = {isa = PBXFileReference; lastKnownFileType = sourcecode.swift; path = KYLineChartView.swift; sourceTree = "<group>"; };
		3D41CAB428F65B2C00B4830B /* KYLineChartViewRender.swift */ = {isa = PBXFileReference; lastKnownFileType = sourcecode.swift; path = KYLineChartViewRender.swift; sourceTree = "<group>"; };
		3D65C90C290A7EE400963439 /* KYKLineChartDataSet.swift */ = {isa = PBXFileReference; lastKnownFileType = sourcecode.swift; path = KYKLineChartDataSet.swift; sourceTree = "<group>"; };
		3D65C90F290B6C7000963439 /* KYKLineChartConfig.swift */ = {isa = PBXFileReference; lastKnownFileType = sourcecode.swift; path = KYKLineChartConfig.swift; sourceTree = "<group>"; };
		3D65C911290B6D7A00963439 /* KYKChartView.swift */ = {isa = PBXFileReference; lastKnownFileType = sourcecode.swift; path = KYKChartView.swift; sourceTree = "<group>"; };
		3D65C913290B6DA700963439 /* KYKChartViewRender.swift */ = {isa = PBXFileReference; lastKnownFileType = sourcecode.swift; path = KYKChartViewRender.swift; sourceTree = "<group>"; };
		3D65C916290B7D0000963439 /* PixelAlign.swift */ = {isa = PBXFileReference; lastKnownFileType = sourcecode.swift; path = PixelAlign.swift; sourceTree = "<group>"; };
		3D8B1B2928F6908000207A48 /* KYLineChartDataSet.swift */ = {isa = PBXFileReference; lastKnownFileType = sourcecode.swift; path = KYLineChartDataSet.swift; sourceTree = "<group>"; };
		3D8B1B2B28F693D600207A48 /* KYLineChartConfig.swift */ = {isa = PBXFileReference; lastKnownFileType = sourcecode.swift; path = KYLineChartConfig.swift; sourceTree = "<group>"; };
		3D8B1B2E28F6971A00207A48 /* KYChartBaseView.swift */ = {isa = PBXFileReference; lastKnownFileType = sourcecode.swift; path = KYChartBaseView.swift; sourceTree = "<group>"; };
/* End PBXFileReference section */

/* Begin PBXFrameworksBuildPhase section */
		3D41CA8528F511E500B4830B /* Frameworks */ = {
			isa = PBXFrameworksBuildPhase;
			buildActionMask = 2147483647;
			files = (
			);
			runOnlyForDeploymentPostprocessing = 0;
		};
/* End PBXFrameworksBuildPhase section */

/* Begin PBXGroup section */
		3D41CA7F28F511E500B4830B = {
			isa = PBXGroup;
			children = (
				3D41CA8A28F511E500B4830B /* KYChartView */,
				3D41CA8928F511E500B4830B /* Products */,
			);
			sourceTree = "<group>";
		};
		3D41CA8928F511E500B4830B /* Products */ = {
			isa = PBXGroup;
			children = (
				3D41CA8828F511E500B4830B /* KYChartView.app */,
			);
			name = Products;
			sourceTree = "<group>";
		};
		3D41CA8A28F511E500B4830B /* KYChartView */ = {
			isa = PBXGroup;
			children = (
				3D41CA8B28F511E500B4830B /* AppDelegate.swift */,
				3D41CA8D28F511E500B4830B /* SceneDelegate.swift */,
				3D41CA8F28F511E500B4830B /* ViewController.swift */,
				3D41CAA928F5163500B4830B /* Extension */,
				3D41CAA128F511FE00B4830B /* ChartView */,
				3D41CA9128F511E500B4830B /* Main.storyboard */,
				3D41CA9428F511E600B4830B /* Assets.xcassets */,
				3D41CA9628F511E600B4830B /* LaunchScreen.storyboard */,
				3D41CA9928F511E600B4830B /* Info.plist */,
			);
			path = KYChartView;
			sourceTree = "<group>";
		};
		3D41CAA128F511FE00B4830B /* ChartView */ = {
			isa = PBXGroup;
			children = (
				3D65C915290B7CEC00963439 /* Util */,
				3D8B1B2D28F6970700207A48 /* Base */,
				3D65C90B290A7E5E00963439 /* KChartView */,
				3D41CAB128F64F0D00B4830B /* LineChartView */,
				3D41CAB028F64EFE00B4830B /* BarChartView */,
			);
			path = ChartView;
			sourceTree = "<group>";
		};
		3D41CAA628F5154700B4830B /* Model */ = {
			isa = PBXGroup;
			children = (
				3D41CAA428F5131C00B4830B /* KYBarChartConfig.swift */,
				3D41CAA228F512A000B4830B /* KYBarChartDataSet.swift */,
				3D41CAA728F515C700B4830B /* KYBarChartHighLight.swift */,
			);
			path = Model;
			sourceTree = "<group>";
		};
		3D41CAA928F5163500B4830B /* Extension */ = {
			isa = PBXGroup;
			children = (
				3D41CAAA28F5163F00B4830B /* Extension.swift */,
			);
			path = Extension;
			sourceTree = "<group>";
		};
		3D41CAB028F64EFE00B4830B /* BarChartView */ = {
			isa = PBXGroup;
			children = (
				3D41CAA628F5154700B4830B /* Model */,
				3D41CA9F28F511F800B4830B /* KYBarChartView.swift */,
				3D41CAAC28F5177E00B4830B /* KYBarChartRender.swift */,
			);
			path = BarChartView;
			sourceTree = "<group>";
		};
		3D41CAB128F64F0D00B4830B /* LineChartView */ = {
			isa = PBXGroup;
			children = (
				3D8B1B2828F6907400207A48 /* Model */,
				3D41CAB228F64F5500B4830B /* KYLineChartView.swift */,
				3D41CAB428F65B2C00B4830B /* KYLineChartViewRender.swift */,
			);
			path = LineChartView;
			sourceTree = "<group>";
		};
		3D65C90B290A7E5E00963439 /* KChartView */ = {
			isa = PBXGroup;
			children = (
				3D65C90E290B6C3A00963439 /* Model */,
				3D65C911290B6D7A00963439 /* KYKChartView.swift */,
				3D65C913290B6DA700963439 /* KYKChartViewRender.swift */,
			);
			path = KChartView;
			sourceTree = "<group>";
		};
		3D65C90E290B6C3A00963439 /* Model */ = {
			isa = PBXGroup;
			children = (
				3D65C90C290A7EE400963439 /* KYKLineChartDataSet.swift */,
				3D65C90F290B6C7000963439 /* KYKLineChartConfig.swift */,
			);
			path = Model;
			sourceTree = "<group>";
		};
		3D65C915290B7CEC00963439 /* Util */ = {
			isa = PBXGroup;
			children = (
				3D65C916290B7D0000963439 /* PixelAlign.swift */,
			);
			path = Util;
			sourceTree = "<group>";
		};
		3D8B1B2828F6907400207A48 /* Model */ = {
			isa = PBXGroup;
			children = (
				3D8B1B2928F6908000207A48 /* KYLineChartDataSet.swift */,
				3D8B1B2B28F693D600207A48 /* KYLineChartConfig.swift */,
			);
			path = Model;
			sourceTree = "<group>";
		};
		3D8B1B2D28F6970700207A48 /* Base */ = {
			isa = PBXGroup;
			children = (
				3D8B1B2E28F6971A00207A48 /* KYChartBaseView.swift */,
			);
			path = Base;
			sourceTree = "<group>";
		};
/* End PBXGroup section */

/* Begin PBXNativeTarget section */
		3D41CA8728F511E500B4830B /* KYChartView */ = {
			isa = PBXNativeTarget;
			buildConfigurationList = 3D41CA9C28F511E600B4830B /* Build configuration list for PBXNativeTarget "KYChartView" */;
			buildPhases = (
				3D41CA8428F511E500B4830B /* Sources */,
				3D41CA8528F511E500B4830B /* Frameworks */,
				3D41CA8628F511E500B4830B /* Resources */,
			);
			buildRules = (
			);
			dependencies = (
			);
			name = KYChartView;
			productName = KYChartView;
			productReference = 3D41CA8828F511E500B4830B /* KYChartView.app */;
			productType = "com.apple.product-type.application";
		};
/* End PBXNativeTarget section */

/* Begin PBXProject section */
		3D41CA8028F511E500B4830B /* Project object */ = {
			isa = PBXProject;
			attributes = {
				BuildIndependentTargetsInParallel = 1;
				CLASSPREFIX = KY;
				LastSwiftUpdateCheck = 1400;
				LastUpgradeCheck = 1400;
				TargetAttributes = {
					3D41CA8728F511E500B4830B = {
						CreatedOnToolsVersion = 14.0.1;
					};
				};
			};
			buildConfigurationList = 3D41CA8328F511E500B4830B /* Build configuration list for PBXProject "KYChartView" */;
			compatibilityVersion = "Xcode 14.0";
			developmentRegion = en;
			hasScannedForEncodings = 0;
			knownRegions = (
				en,
				Base,
			);
			mainGroup = 3D41CA7F28F511E500B4830B;
			productRefGroup = 3D41CA8928F511E500B4830B /* Products */;
			projectDirPath = "";
			projectRoot = "";
			targets = (
				3D41CA8728F511E500B4830B /* KYChartView */,
			);
		};
/* End PBXProject section */

/* Begin PBXResourcesBuildPhase section */
		3D41CA8628F511E500B4830B /* Resources */ = {
			isa = PBXResourcesBuildPhase;
			buildActionMask = 2147483647;
			files = (
				3D41CA9828F511E600B4830B /* LaunchScreen.storyboard in Resources */,
				3D41CA9528F511E600B4830B /* Assets.xcassets in Resources */,
				3D41CA9328F511E500B4830B /* Main.storyboard in Resources */,
			);
			runOnlyForDeploymentPostprocessing = 0;
		};
/* End PBXResourcesBuildPhase section */

/* Begin PBXSourcesBuildPhase section */
		3D41CA8428F511E500B4830B /* Sources */ = {
			isa = PBXSourcesBuildPhase;
			buildActionMask = 2147483647;
			files = (
				3D65C90D290A7EE400963439 /* KYKLineChartDataSet.swift in Sources */,
				3D41CA9028F511E500B4830B /* ViewController.swift in Sources */,
				3D41CAA028F511F800B4830B /* KYBarChartView.swift in Sources */,
				3D41CAA528F5131C00B4830B /* KYBarChartConfig.swift in Sources */,
				3D41CAA328F512A000B4830B /* KYBarChartDataSet.swift in Sources */,
				3D65C917290B7D0000963439 /* PixelAlign.swift in Sources */,
				3D65C914290B6DA700963439 /* KYKChartViewRender.swift in Sources */,
				3D65C910290B6C7000963439 /* KYKLineChartConfig.swift in Sources */,
				3D8B1B2A28F6908000207A48 /* KYLineChartDataSet.swift in Sources */,
				3D65C912290B6D7A00963439 /* KYKChartView.swift in Sources */,
				3D41CA8C28F511E500B4830B /* AppDelegate.swift in Sources */,
				3D41CA8E28F511E500B4830B /* SceneDelegate.swift in Sources */,
				3D8B1B2C28F693D600207A48 /* KYLineChartConfig.swift in Sources */,
				3D41CAAD28F5177E00B4830B /* KYBarChartRender.swift in Sources */,
				3D41CAB328F64F5500B4830B /* KYLineChartView.swift in Sources */,
				3D8B1B2F28F6971A00207A48 /* KYChartBaseView.swift in Sources */,
				3D41CAA828F515C700B4830B /* KYBarChartHighLight.swift in Sources */,
				3D41CAB528F65B2C00B4830B /* KYLineChartViewRender.swift in Sources */,
				3D41CAAB28F5163F00B4830B /* Extension.swift in Sources */,
			);
			runOnlyForDeploymentPostprocessing = 0;
		};
/* End PBXSourcesBuildPhase section */

/* Begin PBXVariantGroup section */
		3D41CA9128F511E500B4830B /* Main.storyboard */ = {
			isa = PBXVariantGroup;
			children = (
				3D41CA9228F511E500B4830B /* Base */,
			);
			name = Main.storyboard;
			sourceTree = "<group>";
		};
		3D41CA9628F511E600B4830B /* LaunchScreen.storyboard */ = {
			isa = PBXVariantGroup;
			children = (
				3D41CA9728F511E600B4830B /* Base */,
			);
			name = LaunchScreen.storyboard;
			sourceTree = "<group>";
		};
/* End PBXVariantGroup section */

/* Begin XCBuildConfiguration section */
		3D41CA9A28F511E600B4830B /* Debug */ = {
			isa = XCBuildConfiguration;
			buildSettings = {
				ALWAYS_SEARCH_USER_PATHS = NO;
				CLANG_ANALYZER_NONNULL = YES;
				CLANG_ANALYZER_NUMBER_OBJECT_CONVERSION = YES_AGGRESSIVE;
				CLANG_CXX_LANGUAGE_STANDARD = "gnu++20";
				CLANG_ENABLE_MODULES = YES;
				CLANG_ENABLE_OBJC_ARC = YES;
				CLANG_ENABLE_OBJC_WEAK = YES;
				CLANG_WARN_BLOCK_CAPTURE_AUTORELEASING = YES;
				CLANG_WARN_BOOL_CONVERSION = YES;
				CLANG_WARN_COMMA = YES;
				CLANG_WARN_CONSTANT_CONVERSION = YES;
				CLANG_WARN_DEPRECATED_OBJC_IMPLEMENTATIONS = YES;
				CLANG_WARN_DIRECT_OBJC_ISA_USAGE = YES_ERROR;
				CLANG_WARN_DOCUMENTATION_COMMENTS = YES;
				CLANG_WARN_EMPTY_BODY = YES;
				CLANG_WARN_ENUM_CONVERSION = YES;
				CLANG_WARN_INFINITE_RECURSION = YES;
				CLANG_WARN_INT_CONVERSION = YES;
				CLANG_WARN_NON_LITERAL_NULL_CONVERSION = YES;
				CLANG_WARN_OBJC_IMPLICIT_RETAIN_SELF = YES;
				CLANG_WARN_OBJC_LITERAL_CONVERSION = YES;
				CLANG_WARN_OBJC_ROOT_CLASS = YES_ERROR;
				CLANG_WARN_QUOTED_INCLUDE_IN_FRAMEWORK_HEADER = YES;
				CLANG_WARN_RANGE_LOOP_ANALYSIS = YES;
				CLANG_WARN_STRICT_PROTOTYPES = YES;
				CLANG_WARN_SUSPICIOUS_MOVE = YES;
				CLANG_WARN_UNGUARDED_AVAILABILITY = YES_AGGRESSIVE;
				CLANG_WARN_UNREACHABLE_CODE = YES;
				CLANG_WARN__DUPLICATE_METHOD_MATCH = YES;
				COPY_PHASE_STRIP = NO;
				DEBUG_INFORMATION_FORMAT = dwarf;
				ENABLE_STRICT_OBJC_MSGSEND = YES;
				ENABLE_TESTABILITY = YES;
				GCC_C_LANGUAGE_STANDARD = gnu11;
				GCC_DYNAMIC_NO_PIC = NO;
				GCC_NO_COMMON_BLOCKS = YES;
				GCC_OPTIMIZATION_LEVEL = 0;
				GCC_PREPROCESSOR_DEFINITIONS = (
					"DEBUG=1",
					"$(inherited)",
				);
				GCC_WARN_64_TO_32_BIT_CONVERSION = YES;
				GCC_WARN_ABOUT_RETURN_TYPE = YES_ERROR;
				GCC_WARN_UNDECLARED_SELECTOR = YES;
				GCC_WARN_UNINITIALIZED_AUTOS = YES_AGGRESSIVE;
				GCC_WARN_UNUSED_FUNCTION = YES;
				GCC_WARN_UNUSED_VARIABLE = YES;
				IPHONEOS_DEPLOYMENT_TARGET = 16.0;
				MTL_ENABLE_DEBUG_INFO = INCLUDE_SOURCE;
				MTL_FAST_MATH = YES;
				ONLY_ACTIVE_ARCH = YES;
				SDKROOT = iphoneos;
				SWIFT_ACTIVE_COMPILATION_CONDITIONS = DEBUG;
				SWIFT_OPTIMIZATION_LEVEL = "-Onone";
			};
			name = Debug;
		};
		3D41CA9B28F511E600B4830B /* Release */ = {
			isa = XCBuildConfiguration;
			buildSettings = {
				ALWAYS_SEARCH_USER_PATHS = NO;
				CLANG_ANALYZER_NONNULL = YES;
				CLANG_ANALYZER_NUMBER_OBJECT_CONVERSION = YES_AGGRESSIVE;
				CLANG_CXX_LANGUAGE_STANDARD = "gnu++20";
				CLANG_ENABLE_MODULES = YES;
				CLANG_ENABLE_OBJC_ARC = YES;
				CLANG_ENABLE_OBJC_WEAK = YES;
				CLANG_WARN_BLOCK_CAPTURE_AUTORELEASING = YES;
				CLANG_WARN_BOOL_CONVERSION = YES;
				CLANG_WARN_COMMA = YES;
				CLANG_WARN_CONSTANT_CONVERSION = YES;
				CLANG_WARN_DEPRECATED_OBJC_IMPLEMENTATIONS = YES;
				CLANG_WARN_DIRECT_OBJC_ISA_USAGE = YES_ERROR;
				CLANG_WARN_DOCUMENTATION_COMMENTS = YES;
				CLANG_WARN_EMPTY_BODY = YES;
				CLANG_WARN_ENUM_CONVERSION = YES;
				CLANG_WARN_INFINITE_RECURSION = YES;
				CLANG_WARN_INT_CONVERSION = YES;
				CLANG_WARN_NON_LITERAL_NULL_CONVERSION = YES;
				CLANG_WARN_OBJC_IMPLICIT_RETAIN_SELF = YES;
				CLANG_WARN_OBJC_LITERAL_CONVERSION = YES;
				CLANG_WARN_OBJC_ROOT_CLASS = YES_ERROR;
				CLANG_WARN_QUOTED_INCLUDE_IN_FRAMEWORK_HEADER = YES;
				CLANG_WARN_RANGE_LOOP_ANALYSIS = YES;
				CLANG_WARN_STRICT_PROTOTYPES = YES;
				CLANG_WARN_SUSPICIOUS_MOVE = YES;
				CLANG_WARN_UNGUARDED_AVAILABILITY = YES_AGGRESSIVE;
				CLANG_WARN_UNREACHABLE_CODE = YES;
				CLANG_WARN__DUPLICATE_METHOD_MATCH = YES;
				COPY_PHASE_STRIP = NO;
				DEBUG_INFORMATION_FORMAT = "dwarf-with-dsym";
				ENABLE_NS_ASSERTIONS = NO;
				ENABLE_STRICT_OBJC_MSGSEND = YES;
				GCC_C_LANGUAGE_STANDARD = gnu11;
				GCC_NO_COMMON_BLOCKS = YES;
				GCC_WARN_64_TO_32_BIT_CONVERSION = YES;
				GCC_WARN_ABOUT_RETURN_TYPE = YES_ERROR;
				GCC_WARN_UNDECLARED_SELECTOR = YES;
				GCC_WARN_UNINITIALIZED_AUTOS = YES_AGGRESSIVE;
				GCC_WARN_UNUSED_FUNCTION = YES;
				GCC_WARN_UNUSED_VARIABLE = YES;
				IPHONEOS_DEPLOYMENT_TARGET = 16.0;
				MTL_ENABLE_DEBUG_INFO = NO;
				MTL_FAST_MATH = YES;
				SDKROOT = iphoneos;
				SWIFT_COMPILATION_MODE = wholemodule;
				SWIFT_OPTIMIZATION_LEVEL = "-O";
				VALIDATE_PRODUCT = YES;
			};
			name = Release;
		};
		3D41CA9D28F511E600B4830B /* Debug */ = {
			isa = XCBuildConfiguration;
			buildSettings = {
				ASSETCATALOG_COMPILER_APPICON_NAME = AppIcon;
				ASSETCATALOG_COMPILER_GLOBAL_ACCENT_COLOR_NAME = AccentColor;
				CODE_SIGN_STYLE = Automatic;
				CURRENT_PROJECT_VERSION = 1;
				DEVELOPMENT_TEAM = 7H35643SZ9;
				GENERATE_INFOPLIST_FILE = YES;
				INFOPLIST_FILE = KYChartView/Info.plist;
				INFOPLIST_KEY_UIApplicationSupportsIndirectInputEvents = YES;
				INFOPLIST_KEY_UILaunchStoryboardName = LaunchScreen;
				INFOPLIST_KEY_UIMainStoryboardFile = Main;
				INFOPLIST_KEY_UISupportedInterfaceOrientations_iPad = "UIInterfaceOrientationPortrait UIInterfaceOrientationPortraitUpsideDown UIInterfaceOrientationLandscapeLeft UIInterfaceOrientationLandscapeRight";
				INFOPLIST_KEY_UISupportedInterfaceOrientations_iPhone = "UIInterfaceOrientationPortrait UIInterfaceOrientationLandscapeLeft UIInterfaceOrientationLandscapeRight";
				LD_RUNPATH_SEARCH_PATHS = (
					"$(inherited)",
					"@executable_path/Frameworks",
				);
				MARKETING_VERSION = 1.0;
				PRODUCT_BUNDLE_IDENTIFIER = com.bitmart.exchange.KYChartView;
				PRODUCT_NAME = "$(TARGET_NAME)";
				SWIFT_EMIT_LOC_STRINGS = YES;
				SWIFT_VERSION = 5.0;
				TARGETED_DEVICE_FAMILY = "1,2";
			};
			name = Debug;
		};
		3D41CA9E28F511E600B4830B /* Release */ = {
			isa = XCBuildConfiguration;
			buildSettings = {
				ASSETCATALOG_COMPILER_APPICON_NAME = AppIcon;
				ASSETCATALOG_COMPILER_GLOBAL_ACCENT_COLOR_NAME = AccentColor;
				CODE_SIGN_STYLE = Automatic;
				CURRENT_PROJECT_VERSION = 1;
				DEVELOPMENT_TEAM = 7H35643SZ9;
				GENERATE_INFOPLIST_FILE = YES;
				INFOPLIST_FILE = KYChartView/Info.plist;
				INFOPLIST_KEY_UIApplicationSupportsIndirectInputEvents = YES;
				INFOPLIST_KEY_UILaunchStoryboardName = LaunchScreen;
				INFOPLIST_KEY_UIMainStoryboardFile = Main;
				INFOPLIST_KEY_UISupportedInterfaceOrientations_iPad = "UIInterfaceOrientationPortrait UIInterfaceOrientationPortraitUpsideDown UIInterfaceOrientationLandscapeLeft UIInterfaceOrientationLandscapeRight";
				INFOPLIST_KEY_UISupportedInterfaceOrientations_iPhone = "UIInterfaceOrientationPortrait UIInterfaceOrientationLandscapeLeft UIInterfaceOrientationLandscapeRight";
				LD_RUNPATH_SEARCH_PATHS = (
					"$(inherited)",
					"@executable_path/Frameworks",
				);
				MARKETING_VERSION = 1.0;
				PRODUCT_BUNDLE_IDENTIFIER = com.bitmart.exchange.KYChartView;
				PRODUCT_NAME = "$(TARGET_NAME)";
				SWIFT_EMIT_LOC_STRINGS = YES;
				SWIFT_VERSION = 5.0;
				TARGETED_DEVICE_FAMILY = "1,2";
			};
			name = Release;
		};
/* End XCBuildConfiguration section */

/* Begin XCConfigurationList section */
		3D41CA8328F511E500B4830B /* Build configuration list for PBXProject "KYChartView" */ = {
			isa = XCConfigurationList;
			buildConfigurations = (
				3D41CA9A28F511E600B4830B /* Debug */,
				3D41CA9B28F511E600B4830B /* Release */,
			);
			defaultConfigurationIsVisible = 0;
			defaultConfigurationName = Release;
		};
		3D41CA9C28F511E600B4830B /* Build configuration list for PBXNativeTarget "KYChartView" */ = {
			isa = XCConfigurationList;
			buildConfigurations = (
				3D41CA9D28F511E600B4830B /* Debug */,
				3D41CA9E28F511E600B4830B /* Release */,
			);
			defaultConfigurationIsVisible = 0;
			defaultConfigurationName = Release;
		};
/* End XCConfigurationList section */
	};
	rootObject = 3D41CA8028F511E500B4830B /* Project object */;
}
