// !$*UTF8*$!
{
	archiveVersion = 1;
	classes = {
	};
	objectVersion = 56;
	objects = {

/* Begin PBXBuildFile section */
		04449CCF2AEA1C0500BCCF99 /* KYPatch.swift in Sources */ = {isa = PBXBuildFile; fileRef = 04449CCE2AEA1C0500BCCF99 /* KYPatch.swift */; };
		04449CD12AEA39F800BCCF99 /* KXWeekChartRender.swift in Sources */ = {isa = PBXBuildFile; fileRef = 04449CD02AEA39F800BCCF99 /* KXWeekChartRender.swift */; };
		04E007A82AE7A84400D555AB /* KYChartRenderView.swift in Sources */ = {isa = PBXBuildFile; fileRef = 04E007A72AE7A84400D555AB /* KYChartRenderView.swift */; };
		04E007AA2AE7AF0400D555AB /* KYChartDelegate.swift in Sources */ = {isa = PBXBuildFile; fileRef = 04E007A92AE7AF0400D555AB /* KYChartDelegate.swift */; };
		04E007AC2AE7B0E400D555AB /* KYChartConfiguration.swift in Sources */ = {isa = PBXBuildFile; fileRef = 04E007AB2AE7B0E400D555AB /* KYChartConfiguration.swift */; };
		04E007AE2AE7B97900D555AB /* KYLongPressIntercation.swift in Sources */ = {isa = PBXBuildFile; fileRef = 04E007AD2AE7B97900D555AB /* KYLongPressIntercation.swift */; };
		04E007B02AE7B9A300D555AB /* KYBinding.swift in Sources */ = {isa = PBXBuildFile; fileRef = 04E007AF2AE7B9A300D555AB /* KYBinding.swift */; };
		04E007B22AE7B9DA00D555AB /* KYTapInteraction.swift in Sources */ = {isa = PBXBuildFile; fileRef = 04E007B12AE7B9DA00D555AB /* KYTapInteraction.swift */; };
		04E007B42AE7BAE000D555AB /* KYChartLayout.swift in Sources */ = {isa = PBXBuildFile; fileRef = 04E007B32AE7BAE000D555AB /* KYChartLayout.swift */; };
		04E007B62AE7BE4800D555AB /* KYChartGroup.swift in Sources */ = {isa = PBXBuildFile; fileRef = 04E007B52AE7BE4800D555AB /* KYChartGroup.swift */; };
		04E007B92AE7C07F00D555AB /* KYChartRenderProtcol.swift in Sources */ = {isa = PBXBuildFile; fileRef = 04E007B82AE7C07F00D555AB /* KYChartRenderProtcol.swift */; };
		04E007BB2AE7C18C00D555AB /* KYChartContext.swift in Sources */ = {isa = PBXBuildFile; fileRef = 04E007BA2AE7C18C00D555AB /* KYChartContext.swift */; };
		04E007BE2AE7CB0F00D555AB /* KYLineChartRender.swift in Sources */ = {isa = PBXBuildFile; fileRef = 04E007BD2AE7CB0F00D555AB /* KYLineChartRender.swift */; };
		04E007C02AE7CF0500D555AB /* KYChartQuote.swift in Sources */ = {isa = PBXBuildFile; fileRef = 04E007BF2AE7CF0500D555AB /* KYChartQuote.swift */; };
		04E007C22AE8AAD800D555AB /* CGMathExtension.swift in Sources */ = {isa = PBXBuildFile; fileRef = 04E007C12AE8AAD800D555AB /* CGMathExtension.swift */; };
		04FADDA32AE8C58E00D02BB6 /* KYGridChartRender.swift in Sources */ = {isa = PBXBuildFile; fileRef = 04FADDA22AE8C58E00D02BB6 /* KYGridChartRender.swift */; };
		04FADDA52AE8C5B100D02BB6 /* CGPathExtension.swift in Sources */ = {isa = PBXBuildFile; fileRef = 04FADDA42AE8C5B100D02BB6 /* CGPathExtension.swift */; };
		04FADDA72AE9088400D02BB6 /* KYGradientLayer.swift in Sources */ = {isa = PBXBuildFile; fileRef = 04FADDA62AE9088400D02BB6 /* KYGradientLayer.swift */; };
		04FADDA92AE9236900D02BB6 /* KXBubbleChartRender.swift in Sources */ = {isa = PBXBuildFile; fileRef = 04FADDA82AE9236900D02BB6 /* KXBubbleChartRender.swift */; };
		3D41CA8C28F511E500B4830B /* AppDelegate.swift in Sources */ = {isa = PBXBuildFile; fileRef = 3D41CA8B28F511E500B4830B /* AppDelegate.swift */; };
		3D41CA8E28F511E500B4830B /* SceneDelegate.swift in Sources */ = {isa = PBXBuildFile; fileRef = 3D41CA8D28F511E500B4830B /* SceneDelegate.swift */; };
		3D41CA9028F511E500B4830B /* ViewController.swift in Sources */ = {isa = PBXBuildFile; fileRef = 3D41CA8F28F511E500B4830B /* ViewController.swift */; };
		3D41CA9328F511E500B4830B /* Main.storyboard in Resources */ = {isa = PBXBuildFile; fileRef = 3D41CA9128F511E500B4830B /* Main.storyboard */; };
		3D41CA9528F511E600B4830B /* Assets.xcassets in Resources */ = {isa = PBXBuildFile; fileRef = 3D41CA9428F511E600B4830B /* Assets.xcassets */; };
		3D41CA9828F511E600B4830B /* LaunchScreen.storyboard in Resources */ = {isa = PBXBuildFile; fileRef = 3D41CA9628F511E600B4830B /* LaunchScreen.storyboard */; };
		3D41CAAB28F5163F00B4830B /* Extension.swift in Sources */ = {isa = PBXBuildFile; fileRef = 3D41CAAA28F5163F00B4830B /* Extension.swift */; };
		3D65C917290B7D0000963439 /* PixelAlign.swift in Sources */ = {isa = PBXBuildFile; fileRef = 3D65C916290B7D0000963439 /* PixelAlign.swift */; };
		3D8B1B2F28F6971A00207A48 /* KYChartBaseView.swift in Sources */ = {isa = PBXBuildFile; fileRef = 3D8B1B2E28F6971A00207A48 /* KYChartBaseView.swift */; };
/* End PBXBuildFile section */

/* Begin PBXFileReference section */
		04449CCE2AEA1C0500BCCF99 /* KYPatch.swift */ = {isa = PBXFileReference; lastKnownFileType = sourcecode.swift; path = KYPatch.swift; sourceTree = "<group>"; };
		04449CD02AEA39F800BCCF99 /* KXWeekChartRender.swift */ = {isa = PBXFileReference; lastKnownFileType = sourcecode.swift; path = KXWeekChartRender.swift; sourceTree = "<group>"; };
		04E007A72AE7A84400D555AB /* KYChartRenderView.swift */ = {isa = PBXFileReference; lastKnownFileType = sourcecode.swift; path = KYChartRenderView.swift; sourceTree = "<group>"; };
		04E007A92AE7AF0400D555AB /* KYChartDelegate.swift */ = {isa = PBXFileReference; lastKnownFileType = sourcecode.swift; path = KYChartDelegate.swift; sourceTree = "<group>"; };
		04E007AB2AE7B0E400D555AB /* KYChartConfiguration.swift */ = {isa = PBXFileReference; lastKnownFileType = sourcecode.swift; path = KYChartConfiguration.swift; sourceTree = "<group>"; };
		04E007AD2AE7B97900D555AB /* KYLongPressIntercation.swift */ = {isa = PBXFileReference; lastKnownFileType = sourcecode.swift; path = KYLongPressIntercation.swift; sourceTree = "<group>"; };
		04E007AF2AE7B9A300D555AB /* KYBinding.swift */ = {isa = PBXFileReference; lastKnownFileType = sourcecode.swift; path = KYBinding.swift; sourceTree = "<group>"; };
		04E007B12AE7B9DA00D555AB /* KYTapInteraction.swift */ = {isa = PBXFileReference; lastKnownFileType = sourcecode.swift; path = KYTapInteraction.swift; sourceTree = "<group>"; };
		04E007B32AE7BAE000D555AB /* KYChartLayout.swift */ = {isa = PBXFileReference; lastKnownFileType = sourcecode.swift; path = KYChartLayout.swift; sourceTree = "<group>"; };
		04E007B52AE7BE4800D555AB /* KYChartGroup.swift */ = {isa = PBXFileReference; lastKnownFileType = sourcecode.swift; path = KYChartGroup.swift; sourceTree = "<group>"; };
		04E007B82AE7C07F00D555AB /* KYChartRenderProtcol.swift */ = {isa = PBXFileReference; lastKnownFileType = sourcecode.swift; path = KYChartRenderProtcol.swift; sourceTree = "<group>"; };
		04E007BA2AE7C18C00D555AB /* KYChartContext.swift */ = {isa = PBXFileReference; lastKnownFileType = sourcecode.swift; path = KYChartContext.swift; sourceTree = "<group>"; };
		04E007BD2AE7CB0F00D555AB /* KYLineChartRender.swift */ = {isa = PBXFileReference; lastKnownFileType = sourcecode.swift; path = KYLineChartRender.swift; sourceTree = "<group>"; };
		04E007BF2AE7CF0500D555AB /* KYChartQuote.swift */ = {isa = PBXFileReference; lastKnownFileType = sourcecode.swift; path = KYChartQuote.swift; sourceTree = "<group>"; };
		04E007C12AE8AAD800D555AB /* CGMathExtension.swift */ = {isa = PBXFileReference; lastKnownFileType = sourcecode.swift; path = CGMathExtension.swift; sourceTree = "<group>"; };
		04FADDA22AE8C58E00D02BB6 /* KYGridChartRender.swift */ = {isa = PBXFileReference; lastKnownFileType = sourcecode.swift; path = KYGridChartRender.swift; sourceTree = "<group>"; };
		04FADDA42AE8C5B100D02BB6 /* CGPathExtension.swift */ = {isa = PBXFileReference; lastKnownFileType = sourcecode.swift; path = CGPathExtension.swift; sourceTree = "<group>"; };
		04FADDA62AE9088400D02BB6 /* KYGradientLayer.swift */ = {isa = PBXFileReference; lastKnownFileType = sourcecode.swift; path = KYGradientLayer.swift; sourceTree = "<group>"; };
		04FADDA82AE9236900D02BB6 /* KXBubbleChartRender.swift */ = {isa = PBXFileReference; lastKnownFileType = sourcecode.swift; path = KXBubbleChartRender.swift; sourceTree = "<group>"; };
		3D41CA8828F511E500B4830B /* KYChartView.app */ = {isa = PBXFileReference; explicitFileType = wrapper.application; includeInIndex = 0; path = KYChartView.app; sourceTree = BUILT_PRODUCTS_DIR; };
		3D41CA8B28F511E500B4830B /* AppDelegate.swift */ = {isa = PBXFileReference; lastKnownFileType = sourcecode.swift; path = AppDelegate.swift; sourceTree = "<group>"; };
		3D41CA8D28F511E500B4830B /* SceneDelegate.swift */ = {isa = PBXFileReference; lastKnownFileType = sourcecode.swift; path = SceneDelegate.swift; sourceTree = "<group>"; };
		3D41CA8F28F511E500B4830B /* ViewController.swift */ = {isa = PBXFileReference; lastKnownFileType = sourcecode.swift; path = ViewController.swift; sourceTree = "<group>"; };
		3D41CA9228F511E500B4830B /* Base */ = {isa = PBXFileReference; lastKnownFileType = file.storyboard; name = Base; path = Base.lproj/Main.storyboard; sourceTree = "<group>"; };
		3D41CA9428F511E600B4830B /* Assets.xcassets */ = {isa = PBXFileReference; lastKnownFileType = folder.assetcatalog; path = Assets.xcassets; sourceTree = "<group>"; };
		3D41CA9728F511E600B4830B /* Base */ = {isa = PBXFileReference; lastKnownFileType = file.storyboard; name = Base; path = Base.lproj/LaunchScreen.storyboard; sourceTree = "<group>"; };
		3D41CA9928F511E600B4830B /* Info.plist */ = {isa = PBXFileReference; lastKnownFileType = text.plist.xml; path = Info.plist; sourceTree = "<group>"; };
		3D41CAAA28F5163F00B4830B /* Extension.swift */ = {isa = PBXFileReference; lastKnownFileType = sourcecode.swift; path = Extension.swift; sourceTree = "<group>"; };
		3D65C916290B7D0000963439 /* PixelAlign.swift */ = {isa = PBXFileReference; lastKnownFileType = sourcecode.swift; path = PixelAlign.swift; sourceTree = "<group>"; };
		3D8B1B2E28F6971A00207A48 /* KYChartBaseView.swift */ = {isa = PBXFileReference; lastKnownFileType = sourcecode.swift; path = KYChartBaseView.swift; sourceTree = "<group>"; };
/* End PBXFileReference section */

/* Begin PBXFrameworksBuildPhase section */
		3D41CA8528F511E500B4830B /* Frameworks */ = {
			isa = PBXFrameworksBuildPhase;
			buildActionMask = 2147483647;
			files = (
			);
			runOnlyForDeploymentPostprocessing = 0;
		};
/* End PBXFrameworksBuildPhase section */

/* Begin PBXGroup section */
		04449CCD2AEA1BFB00BCCF99 /* Util */ = {
			isa = PBXGroup;
			children = (
				04449CCE2AEA1C0500BCCF99 /* KYPatch.swift */,
			);
			path = Util;
			sourceTree = "<group>";
		};
		04E007B72AE7C01900D555AB /* NewChart */ = {
			isa = PBXGroup;
			children = (
				04449CCD2AEA1BFB00BCCF99 /* Util */,
				04E007BC2AE7CAFD00D555AB /* LineChart */,
				04E007A72AE7A84400D555AB /* KYChartRenderView.swift */,
				04E007A92AE7AF0400D555AB /* KYChartDelegate.swift */,
				04E007AB2AE7B0E400D555AB /* KYChartConfiguration.swift */,
				04E007AD2AE7B97900D555AB /* KYLongPressIntercation.swift */,
				04E007AF2AE7B9A300D555AB /* KYBinding.swift */,
				04E007B12AE7B9DA00D555AB /* KYTapInteraction.swift */,
				04E007B32AE7BAE000D555AB /* KYChartLayout.swift */,
				04E007B52AE7BE4800D555AB /* KYChartGroup.swift */,
				04E007B82AE7C07F00D555AB /* KYChartRenderProtcol.swift */,
				04E007BA2AE7C18C00D555AB /* KYChartContext.swift */,
				04E007BF2AE7CF0500D555AB /* KYChartQuote.swift */,
				04E007C12AE8AAD800D555AB /* CGMathExtension.swift */,
				04FADDA42AE8C5B100D02BB6 /* CGPathExtension.swift */,
			);
			path = NewChart;
			sourceTree = "<group>";
		};
		04E007BC2AE7CAFD00D555AB /* LineChart */ = {
			isa = PBXGroup;
			children = (
				04E007BD2AE7CB0F00D555AB /* KYLineChartRender.swift */,
				04FADDA22AE8C58E00D02BB6 /* KYGridChartRender.swift */,
				04FADDA62AE9088400D02BB6 /* KYGradientLayer.swift */,
				04FADDA82AE9236900D02BB6 /* KXBubbleChartRender.swift */,
				04449CD02AEA39F800BCCF99 /* KXWeekChartRender.swift */,
			);
			path = LineChart;
			sourceTree = "<group>";
		};
		3D41CA7F28F511E500B4830B = {
			isa = PBXGroup;
			children = (
				3D41CA8A28F511E500B4830B /* KYChartView */,
				3D41CA8928F511E500B4830B /* Products */,
			);
			sourceTree = "<group>";
		};
		3D41CA8928F511E500B4830B /* Products */ = {
			isa = PBXGroup;
			children = (
				3D41CA8828F511E500B4830B /* KYChartView.app */,
			);
			name = Products;
			sourceTree = "<group>";
		};
		3D41CA8A28F511E500B4830B /* KYChartView */ = {
			isa = PBXGroup;
			children = (
				3D41CA8B28F511E500B4830B /* AppDelegate.swift */,
				3D41CA8D28F511E500B4830B /* SceneDelegate.swift */,
				3D41CA8F28F511E500B4830B /* ViewController.swift */,
				3D41CAA928F5163500B4830B /* Extension */,
				3D41CAA128F511FE00B4830B /* ChartView */,
				3D41CA9128F511E500B4830B /* Main.storyboard */,
				3D41CA9428F511E600B4830B /* Assets.xcassets */,
				3D41CA9628F511E600B4830B /* LaunchScreen.storyboard */,
				3D41CA9928F511E600B4830B /* Info.plist */,
			);
			path = KYChartView;
			sourceTree = "<group>";
		};
		3D41CAA128F511FE00B4830B /* ChartView */ = {
			isa = PBXGroup;
			children = (
				04E007B72AE7C01900D555AB /* NewChart */,
				3D65C915290B7CEC00963439 /* Util */,
				3D8B1B2D28F6970700207A48 /* Base */,
			);
			path = ChartView;
			sourceTree = "<group>";
		};
		3D41CAA928F5163500B4830B /* Extension */ = {
			isa = PBXGroup;
			children = (
				3D41CAAA28F5163F00B4830B /* Extension.swift */,
			);
			path = Extension;
			sourceTree = "<group>";
		};
		3D65C915290B7CEC00963439 /* Util */ = {
			isa = PBXGroup;
			children = (
				3D65C916290B7D0000963439 /* PixelAlign.swift */,
			);
			path = Util;
			sourceTree = "<group>";
		};
		3D8B1B2D28F6970700207A48 /* Base */ = {
			isa = PBXGroup;
			children = (
				3D8B1B2E28F6971A00207A48 /* KYChartBaseView.swift */,
			);
			path = Base;
			sourceTree = "<group>";
		};
/* End PBXGroup section */

/* Begin PBXNativeTarget section */
		3D41CA8728F511E500B4830B /* KYChartView */ = {
			isa = PBXNativeTarget;
			buildConfigurationList = 3D41CA9C28F511E600B4830B /* Build configuration list for PBXNativeTarget "KYChartView" */;
			buildPhases = (
				3D41CA8428F511E500B4830B /* Sources */,
				3D41CA8528F511E500B4830B /* Frameworks */,
				3D41CA8628F511E500B4830B /* Resources */,
			);
			buildRules = (
			);
			dependencies = (
			);
			name = KYChartView;
			productName = KYChartView;
			productReference = 3D41CA8828F511E500B4830B /* KYChartView.app */;
			productType = "com.apple.product-type.application";
		};
/* End PBXNativeTarget section */

/* Begin PBXProject section */
		3D41CA8028F511E500B4830B /* Project object */ = {
			isa = PBXProject;
			attributes = {
				BuildIndependentTargetsInParallel = 1;
				CLASSPREFIX = KY;
				LastSwiftUpdateCheck = 1400;
				LastUpgradeCheck = 1400;
				TargetAttributes = {
					3D41CA8728F511E500B4830B = {
						CreatedOnToolsVersion = 14.0.1;
					};
				};
			};
			buildConfigurationList = 3D41CA8328F511E500B4830B /* Build configuration list for PBXProject "KYChartView" */;
			compatibilityVersion = "Xcode 14.0";
			developmentRegion = en;
			hasScannedForEncodings = 0;
			knownRegions = (
				en,
				Base,
			);
			mainGroup = 3D41CA7F28F511E500B4830B;
			productRefGroup = 3D41CA8928F511E500B4830B /* Products */;
			projectDirPath = "";
			projectRoot = "";
			targets = (
				3D41CA8728F511E500B4830B /* KYChartView */,
			);
		};
/* End PBXProject section */

/* Begin PBXResourcesBuildPhase section */
		3D41CA8628F511E500B4830B /* Resources */ = {
			isa = PBXResourcesBuildPhase;
			buildActionMask = 2147483647;
			files = (
				3D41CA9828F511E600B4830B /* LaunchScreen.storyboard in Resources */,
				3D41CA9528F511E600B4830B /* Assets.xcassets in Resources */,
				3D41CA9328F511E500B4830B /* Main.storyboard in Resources */,
			);
			runOnlyForDeploymentPostprocessing = 0;
		};
/* End PBXResourcesBuildPhase section */

/* Begin PBXSourcesBuildPhase section */
		3D41CA8428F511E500B4830B /* Sources */ = {
			isa = PBXSourcesBuildPhase;
			buildActionMask = 2147483647;
			files = (
				04E007C22AE8AAD800D555AB /* CGMathExtension.swift in Sources */,
				04E007BB2AE7C18C00D555AB /* KYChartContext.swift in Sources */,
				3D41CA9028F511E500B4830B /* ViewController.swift in Sources */,
				04E007C02AE7CF0500D555AB /* KYChartQuote.swift in Sources */,
				04449CCF2AEA1C0500BCCF99 /* KYPatch.swift in Sources */,
				04E007AE2AE7B97900D555AB /* KYLongPressIntercation.swift in Sources */,
				04E007B22AE7B9DA00D555AB /* KYTapInteraction.swift in Sources */,
				04FADDA32AE8C58E00D02BB6 /* KYGridChartRender.swift in Sources */,
				04FADDA52AE8C5B100D02BB6 /* CGPathExtension.swift in Sources */,
				04E007AC2AE7B0E400D555AB /* KYChartConfiguration.swift in Sources */,
				3D65C917290B7D0000963439 /* PixelAlign.swift in Sources */,
				04E007B02AE7B9A300D555AB /* KYBinding.swift in Sources */,
				04E007B42AE7BAE000D555AB /* KYChartLayout.swift in Sources */,
				04E007BE2AE7CB0F00D555AB /* KYLineChartRender.swift in Sources */,
				04E007B62AE7BE4800D555AB /* KYChartGroup.swift in Sources */,
				04FADDA92AE9236900D02BB6 /* KXBubbleChartRender.swift in Sources */,
				3D41CA8C28F511E500B4830B /* AppDelegate.swift in Sources */,
				04E007B92AE7C07F00D555AB /* KYChartRenderProtcol.swift in Sources */,
				3D41CA8E28F511E500B4830B /* SceneDelegate.swift in Sources */,
				04E007A82AE7A84400D555AB /* KYChartRenderView.swift in Sources */,
				3D8B1B2F28F6971A00207A48 /* KYChartBaseView.swift in Sources */,
				04FADDA72AE9088400D02BB6 /* KYGradientLayer.swift in Sources */,
				04449CD12AEA39F800BCCF99 /* KXWeekChartRender.swift in Sources */,
				04E007AA2AE7AF0400D555AB /* KYChartDelegate.swift in Sources */,
				3D41CAAB28F5163F00B4830B /* Extension.swift in Sources */,
			);
			runOnlyForDeploymentPostprocessing = 0;
		};
/* End PBXSourcesBuildPhase section */

/* Begin PBXVariantGroup section */
		3D41CA9128F511E500B4830B /* Main.storyboard */ = {
			isa = PBXVariantGroup;
			children = (
				3D41CA9228F511E500B4830B /* Base */,
			);
			name = Main.storyboard;
			sourceTree = "<group>";
		};
		3D41CA9628F511E600B4830B /* LaunchScreen.storyboard */ = {
			isa = PBXVariantGroup;
			children = (
				3D41CA9728F511E600B4830B /* Base */,
			);
			name = LaunchScreen.storyboard;
			sourceTree = "<group>";
		};
/* End PBXVariantGroup section */

/* Begin XCBuildConfiguration section */
		3D41CA9A28F511E600B4830B /* Debug */ = {
			isa = XCBuildConfiguration;
			buildSettings = {
				ALWAYS_SEARCH_USER_PATHS = NO;
				CLANG_ANALYZER_NONNULL = YES;
				CLANG_ANALYZER_NUMBER_OBJECT_CONVERSION = YES_AGGRESSIVE;
				CLANG_CXX_LANGUAGE_STANDARD = "gnu++20";
				CLANG_ENABLE_MODULES = YES;
				CLANG_ENABLE_OBJC_ARC = YES;
				CLANG_ENABLE_OBJC_WEAK = YES;
				CLANG_WARN_BLOCK_CAPTURE_AUTORELEASING = YES;
				CLANG_WARN_BOOL_CONVERSION = YES;
				CLANG_WARN_COMMA = YES;
				CLANG_WARN_CONSTANT_CONVERSION = YES;
				CLANG_WARN_DEPRECATED_OBJC_IMPLEMENTATIONS = YES;
				CLANG_WARN_DIRECT_OBJC_ISA_USAGE = YES_ERROR;
				CLANG_WARN_DOCUMENTATION_COMMENTS = YES;
				CLANG_WARN_EMPTY_BODY = YES;
				CLANG_WARN_ENUM_CONVERSION = YES;
				CLANG_WARN_INFINITE_RECURSION = YES;
				CLANG_WARN_INT_CONVERSION = YES;
				CLANG_WARN_NON_LITERAL_NULL_CONVERSION = YES;
				CLANG_WARN_OBJC_IMPLICIT_RETAIN_SELF = YES;
				CLANG_WARN_OBJC_LITERAL_CONVERSION = YES;
				CLANG_WARN_OBJC_ROOT_CLASS = YES_ERROR;
				CLANG_WARN_QUOTED_INCLUDE_IN_FRAMEWORK_HEADER = YES;
				CLANG_WARN_RANGE_LOOP_ANALYSIS = YES;
				CLANG_WARN_STRICT_PROTOTYPES = YES;
				CLANG_WARN_SUSPICIOUS_MOVE = YES;
				CLANG_WARN_UNGUARDED_AVAILABILITY = YES_AGGRESSIVE;
				CLANG_WARN_UNREACHABLE_CODE = YES;
				CLANG_WARN__DUPLICATE_METHOD_MATCH = YES;
				COPY_PHASE_STRIP = NO;
				DEBUG_INFORMATION_FORMAT = dwarf;
				ENABLE_STRICT_OBJC_MSGSEND = YES;
				ENABLE_TESTABILITY = YES;
				GCC_C_LANGUAGE_STANDARD = gnu11;
				GCC_DYNAMIC_NO_PIC = NO;
				GCC_NO_COMMON_BLOCKS = YES;
				GCC_OPTIMIZATION_LEVEL = 0;
				GCC_PREPROCESSOR_DEFINITIONS = (
					"DEBUG=1",
					"$(inherited)",
				);
				GCC_WARN_64_TO_32_BIT_CONVERSION = YES;
				GCC_WARN_ABOUT_RETURN_TYPE = YES_ERROR;
				GCC_WARN_UNDECLARED_SELECTOR = YES;
				GCC_WARN_UNINITIALIZED_AUTOS = YES_AGGRESSIVE;
				GCC_WARN_UNUSED_FUNCTION = YES;
				GCC_WARN_UNUSED_VARIABLE = YES;
				IPHONEOS_DEPLOYMENT_TARGET = 16.0;
				MTL_ENABLE_DEBUG_INFO = INCLUDE_SOURCE;
				MTL_FAST_MATH = YES;
				ONLY_ACTIVE_ARCH = YES;
				SDKROOT = iphoneos;
				SWIFT_ACTIVE_COMPILATION_CONDITIONS = DEBUG;
				SWIFT_OPTIMIZATION_LEVEL = "-Onone";
			};
			name = Debug;
		};
		3D41CA9B28F511E600B4830B /* Release */ = {
			isa = XCBuildConfiguration;
			buildSettings = {
				ALWAYS_SEARCH_USER_PATHS = NO;
				CLANG_ANALYZER_NONNULL = YES;
				CLANG_ANALYZER_NUMBER_OBJECT_CONVERSION = YES_AGGRESSIVE;
				CLANG_CXX_LANGUAGE_STANDARD = "gnu++20";
				CLANG_ENABLE_MODULES = YES;
				CLANG_ENABLE_OBJC_ARC = YES;
				CLANG_ENABLE_OBJC_WEAK = YES;
				CLANG_WARN_BLOCK_CAPTURE_AUTORELEASING = YES;
				CLANG_WARN_BOOL_CONVERSION = YES;
				CLANG_WARN_COMMA = YES;
				CLANG_WARN_CONSTANT_CONVERSION = YES;
				CLANG_WARN_DEPRECATED_OBJC_IMPLEMENTATIONS = YES;
				CLANG_WARN_DIRECT_OBJC_ISA_USAGE = YES_ERROR;
				CLANG_WARN_DOCUMENTATION_COMMENTS = YES;
				CLANG_WARN_EMPTY_BODY = YES;
				CLANG_WARN_ENUM_CONVERSION = YES;
				CLANG_WARN_INFINITE_RECURSION = YES;
				CLANG_WARN_INT_CONVERSION = YES;
				CLANG_WARN_NON_LITERAL_NULL_CONVERSION = YES;
				CLANG_WARN_OBJC_IMPLICIT_RETAIN_SELF = YES;
				CLANG_WARN_OBJC_LITERAL_CONVERSION = YES;
				CLANG_WARN_OBJC_ROOT_CLASS = YES_ERROR;
				CLANG_WARN_QUOTED_INCLUDE_IN_FRAMEWORK_HEADER = YES;
				CLANG_WARN_RANGE_LOOP_ANALYSIS = YES;
				CLANG_WARN_STRICT_PROTOTYPES = YES;
				CLANG_WARN_SUSPICIOUS_MOVE = YES;
				CLANG_WARN_UNGUARDED_AVAILABILITY = YES_AGGRESSIVE;
				CLANG_WARN_UNREACHABLE_CODE = YES;
				CLANG_WARN__DUPLICATE_METHOD_MATCH = YES;
				COPY_PHASE_STRIP = NO;
				DEBUG_INFORMATION_FORMAT = "dwarf-with-dsym";
				ENABLE_NS_ASSERTIONS = NO;
				ENABLE_STRICT_OBJC_MSGSEND = YES;
				GCC_C_LANGUAGE_STANDARD = gnu11;
				GCC_NO_COMMON_BLOCKS = YES;
				GCC_WARN_64_TO_32_BIT_CONVERSION = YES;
				GCC_WARN_ABOUT_RETURN_TYPE = YES_ERROR;
				GCC_WARN_UNDECLARED_SELECTOR = YES;
				GCC_WARN_UNINITIALIZED_AUTOS = YES_AGGRESSIVE;
				GCC_WARN_UNUSED_FUNCTION = YES;
				GCC_WARN_UNUSED_VARIABLE = YES;
				IPHONEOS_DEPLOYMENT_TARGET = 16.0;
				MTL_ENABLE_DEBUG_INFO = NO;
				MTL_FAST_MATH = YES;
				SDKROOT = iphoneos;
				SWIFT_COMPILATION_MODE = wholemodule;
				SWIFT_OPTIMIZATION_LEVEL = "-O";
				VALIDATE_PRODUCT = YES;
			};
			name = Release;
		};
		3D41CA9D28F511E600B4830B /* Debug */ = {
			isa = XCBuildConfiguration;
			buildSettings = {
				ASSETCATALOG_COMPILER_APPICON_NAME = AppIcon;
				ASSETCATALOG_COMPILER_GLOBAL_ACCENT_COLOR_NAME = AccentColor;
				CODE_SIGN_STYLE = Automatic;
				CURRENT_PROJECT_VERSION = 1;
				DEVELOPMENT_TEAM = 7H35643SZ9;
				GENERATE_INFOPLIST_FILE = YES;
				INFOPLIST_FILE = KYChartView/Info.plist;
				INFOPLIST_KEY_UIApplicationSupportsIndirectInputEvents = YES;
				INFOPLIST_KEY_UILaunchStoryboardName = LaunchScreen;
				INFOPLIST_KEY_UIMainStoryboardFile = Main;
				INFOPLIST_KEY_UISupportedInterfaceOrientations_iPad = "UIInterfaceOrientationPortrait UIInterfaceOrientationPortraitUpsideDown UIInterfaceOrientationLandscapeLeft UIInterfaceOrientationLandscapeRight";
				INFOPLIST_KEY_UISupportedInterfaceOrientations_iPhone = "UIInterfaceOrientationPortrait UIInterfaceOrientationLandscapeLeft UIInterfaceOrientationLandscapeRight";
				LD_RUNPATH_SEARCH_PATHS = (
					"$(inherited)",
					"@executable_path/Frameworks",
				);
				MARKETING_VERSION = 1.0;
				PRODUCT_BUNDLE_IDENTIFIER = com.bitmart.exchange.KYChartView;
				PRODUCT_NAME = "$(TARGET_NAME)";
				SWIFT_EMIT_LOC_STRINGS = YES;
				SWIFT_VERSION = 5.0;
				TARGETED_DEVICE_FAMILY = "1,2";
			};
			name = Debug;
		};
		3D41CA9E28F511E600B4830B /* Release */ = {
			isa = XCBuildConfiguration;
			buildSettings = {
				ASSETCATALOG_COMPILER_APPICON_NAME = AppIcon;
				ASSETCATALOG_COMPILER_GLOBAL_ACCENT_COLOR_NAME = AccentColor;
				CODE_SIGN_STYLE = Automatic;
				CURRENT_PROJECT_VERSION = 1;
				DEVELOPMENT_TEAM = 7H35643SZ9;
				GENERATE_INFOPLIST_FILE = YES;
				INFOPLIST_FILE = KYChartView/Info.plist;
				INFOPLIST_KEY_UIApplicationSupportsIndirectInputEvents = YES;
				INFOPLIST_KEY_UILaunchStoryboardName = LaunchScreen;
				INFOPLIST_KEY_UIMainStoryboardFile = Main;
				INFOPLIST_KEY_UISupportedInterfaceOrientations_iPad = "UIInterfaceOrientationPortrait UIInterfaceOrientationPortraitUpsideDown UIInterfaceOrientationLandscapeLeft UIInterfaceOrientationLandscapeRight";
				INFOPLIST_KEY_UISupportedInterfaceOrientations_iPhone = "UIInterfaceOrientationPortrait UIInterfaceOrientationLandscapeLeft UIInterfaceOrientationLandscapeRight";
				LD_RUNPATH_SEARCH_PATHS = (
					"$(inherited)",
					"@executable_path/Frameworks",
				);
				MARKETING_VERSION = 1.0;
				PRODUCT_BUNDLE_IDENTIFIER = com.bitmart.exchange.KYChartView;
				PRODUCT_NAME = "$(TARGET_NAME)";
				SWIFT_EMIT_LOC_STRINGS = YES;
				SWIFT_VERSION = 5.0;
				TARGETED_DEVICE_FAMILY = "1,2";
			};
			name = Release;
		};
/* End XCBuildConfiguration section */

/* Begin XCConfigurationList section */
		3D41CA8328F511E500B4830B /* Build configuration list for PBXProject "KYChartView" */ = {
			isa = XCConfigurationList;
			buildConfigurations = (
				3D41CA9A28F511E600B4830B /* Debug */,
				3D41CA9B28F511E600B4830B /* Release */,
			);
			defaultConfigurationIsVisible = 0;
			defaultConfigurationName = Release;
		};
		3D41CA9C28F511E600B4830B /* Build configuration list for PBXNativeTarget "KYChartView" */ = {
			isa = XCConfigurationList;
			buildConfigurations = (
				3D41CA9D28F511E600B4830B /* Debug */,
				3D41CA9E28F511E600B4830B /* Release */,
			);
			defaultConfigurationIsVisible = 0;
			defaultConfigurationName = Release;
		};
/* End XCConfigurationList section */
	};
	rootObject = 3D41CA8028F511E500B4830B /* Project object */;
}
